// !$*UTF8*$!
{
	archiveVersion = 1;
	classes = {
	};
	objectVersion = 46;
	objects = {

/* Begin PBXBuildFile section */
		0D1CAE8E1AADEAFC0028BA01 /* iPhone.storyboard in Resources */ = {isa = PBXBuildFile; fileRef = 0D1CAE8D1AADEAFC0028BA01 /* iPhone.storyboard */; };
		0DA949EB1A8C4FA400514A46 /* Foundation.framework in Frameworks */ = {isa = PBXBuildFile; fileRef = 0DA949EA1A8C4FA400514A46 /* Foundation.framework */; };
		0DA949ED1A8C4FA400514A46 /* CoreGraphics.framework in Frameworks */ = {isa = PBXBuildFile; fileRef = 0DA949EC1A8C4FA400514A46 /* CoreGraphics.framework */; };
		0DA949EF1A8C4FA400514A46 /* UIKit.framework in Frameworks */ = {isa = PBXBuildFile; fileRef = 0DA949EE1A8C4FA400514A46 /* UIKit.framework */; };
		0DA949F51A8C4FA400514A46 /* InfoPlist.strings in Resources */ = {isa = PBXBuildFile; fileRef = 0DA949F31A8C4FA400514A46 /* InfoPlist.strings */; };
		0DA949F71A8C4FA400514A46 /* main.m in Sources */ = {isa = PBXBuildFile; fileRef = 0DA949F61A8C4FA400514A46 /* main.m */; };
		0DA949FB1A8C4FA400514A46 /* AppDelegate.m in Sources */ = {isa = PBXBuildFile; fileRef = 0DA949FA1A8C4FA400514A46 /* AppDelegate.m */; };
		0DA94A011A8C4FA400514A46 /* Main_iPad.storyboard in Resources */ = {isa = PBXBuildFile; fileRef = 0DA949FF1A8C4FA400514A46 /* Main_iPad.storyboard */; };
		0DA94A041A8C4FA400514A46 /* ViewController.m in Sources */ = {isa = PBXBuildFile; fileRef = 0DA94A031A8C4FA400514A46 /* ViewController.m */; };
		0DA94A061A8C4FA400514A46 /* Images.xcassets in Resources */ = {isa = PBXBuildFile; fileRef = 0DA94A051A8C4FA400514A46 /* Images.xcassets */; };
		0DA94A0D1A8C4FA400514A46 /* XCTest.framework in Frameworks */ = {isa = PBXBuildFile; fileRef = 0DA94A0C1A8C4FA400514A46 /* XCTest.framework */; };
		0DA94A0E1A8C4FA400514A46 /* Foundation.framework in Frameworks */ = {isa = PBXBuildFile; fileRef = 0DA949EA1A8C4FA400514A46 /* Foundation.framework */; };
		0DA94A0F1A8C4FA400514A46 /* UIKit.framework in Frameworks */ = {isa = PBXBuildFile; fileRef = 0DA949EE1A8C4FA400514A46 /* UIKit.framework */; };
		0DA94A171A8C4FA400514A46 /* InfoPlist.strings in Resources */ = {isa = PBXBuildFile; fileRef = 0DA94A151A8C4FA400514A46 /* InfoPlist.strings */; };
		0DA94A191A8C4FA400514A46 /* TestApplicationTests.m in Sources */ = {isa = PBXBuildFile; fileRef = 0DA94A181A8C4FA400514A46 /* TestApplicationTests.m */; };
/* End PBXBuildFile section */

/* Begin PBXContainerItemProxy section */
		0DA94A101A8C4FA400514A46 /* PBXContainerItemProxy */ = {
			isa = PBXContainerItemProxy;
			containerPortal = 0DA949DF1A8C4FA400514A46 /* Project object */;
			proxyType = 1;
			remoteGlobalIDString = 0DA949E61A8C4FA400514A46;
			remoteInfo = TestApplication;
		};
/* End PBXContainerItemProxy section */

/* Begin PBXFileReference section */
		0D1CAE8D1AADEAFC0028BA01 /* iPhone.storyboard */ = {isa = PBXFileReference; fileEncoding = 4; lastKnownFileType = file.storyboard; path = iPhone.storyboard; sourceTree = "<group>"; };
		0DA949E71A8C4FA400514A46 /* TestApplication.app */ = {isa = PBXFileReference; explicitFileType = wrapper.application; includeInIndex = 0; path = TestApplication.app; sourceTree = BUILT_PRODUCTS_DIR; };
		0DA949EA1A8C4FA400514A46 /* Foundation.framework */ = {isa = PBXFileReference; lastKnownFileType = wrapper.framework; name = Foundation.framework; path = System/Library/Frameworks/Foundation.framework; sourceTree = SDKROOT; };
		0DA949EC1A8C4FA400514A46 /* CoreGraphics.framework */ = {isa = PBXFileReference; lastKnownFileType = wrapper.framework; name = CoreGraphics.framework; path = System/Library/Frameworks/CoreGraphics.framework; sourceTree = SDKROOT; };
		0DA949EE1A8C4FA400514A46 /* UIKit.framework */ = {isa = PBXFileReference; lastKnownFileType = wrapper.framework; name = UIKit.framework; path = System/Library/Frameworks/UIKit.framework; sourceTree = SDKROOT; };
		0DA949F21A8C4FA400514A46 /* TestApplication-Info.plist */ = {isa = PBXFileReference; lastKnownFileType = text.plist.xml; path = "TestApplication-Info.plist"; sourceTree = "<group>"; };
		0DA949F41A8C4FA400514A46 /* en */ = {isa = PBXFileReference; lastKnownFileType = text.plist.strings; name = en; path = en.lproj/InfoPlist.strings; sourceTree = "<group>"; };
		0DA949F61A8C4FA400514A46 /* main.m */ = {isa = PBXFileReference; lastKnownFileType = sourcecode.c.objc; path = main.m; sourceTree = "<group>"; };
		0DA949F81A8C4FA400514A46 /* TestApplication-Prefix.pch */ = {isa = PBXFileReference; lastKnownFileType = sourcecode.c.h; path = "TestApplication-Prefix.pch"; sourceTree = "<group>"; };
		0DA949F91A8C4FA400514A46 /* AppDelegate.h */ = {isa = PBXFileReference; lastKnownFileType = sourcecode.c.h; path = AppDelegate.h; sourceTree = "<group>"; };
		0DA949FA1A8C4FA400514A46 /* AppDelegate.m */ = {isa = PBXFileReference; lastKnownFileType = sourcecode.c.objc; path = AppDelegate.m; sourceTree = "<group>"; };
		0DA94A001A8C4FA400514A46 /* Base */ = {isa = PBXFileReference; lastKnownFileType = file.storyboard; name = Base; path = Base.lproj/Main_iPad.storyboard; sourceTree = "<group>"; };
		0DA94A021A8C4FA400514A46 /* ViewController.h */ = {isa = PBXFileReference; lastKnownFileType = sourcecode.c.h; path = ViewController.h; sourceTree = "<group>"; };
		0DA94A031A8C4FA400514A46 /* ViewController.m */ = {isa = PBXFileReference; lastKnownFileType = sourcecode.c.objc; path = ViewController.m; sourceTree = "<group>"; };
		0DA94A051A8C4FA400514A46 /* Images.xcassets */ = {isa = PBXFileReference; lastKnownFileType = folder.assetcatalog; path = Images.xcassets; sourceTree = "<group>"; };
		0DA94A0B1A8C4FA400514A46 /* TestApplicationTests.xctest */ = {isa = PBXFileReference; explicitFileType = wrapper.cfbundle; includeInIndex = 0; path = TestApplicationTests.xctest; sourceTree = BUILT_PRODUCTS_DIR; };
		0DA94A0C1A8C4FA400514A46 /* XCTest.framework */ = {isa = PBXFileReference; lastKnownFileType = wrapper.framework; name = XCTest.framework; path = Library/Frameworks/XCTest.framework; sourceTree = DEVELOPER_DIR; };
		0DA94A141A8C4FA400514A46 /* TestApplicationTests-Info.plist */ = {isa = PBXFileReference; lastKnownFileType = text.plist.xml; path = "TestApplicationTests-Info.plist"; sourceTree = "<group>"; };
		0DA94A161A8C4FA400514A46 /* en */ = {isa = PBXFileReference; lastKnownFileType = text.plist.strings; name = en; path = en.lproj/InfoPlist.strings; sourceTree = "<group>"; };
		0DA94A181A8C4FA400514A46 /* TestApplicationTests.m */ = {isa = PBXFileReference; lastKnownFileType = sourcecode.c.objc; path = TestApplicationTests.m; sourceTree = "<group>"; };
/* End PBXFileReference section */

/* Begin PBXFrameworksBuildPhase section */
		0DA949E41A8C4FA400514A46 /* Frameworks */ = {
			isa = PBXFrameworksBuildPhase;
			buildActionMask = 2147483647;
			files = (
				0DA949ED1A8C4FA400514A46 /* CoreGraphics.framework in Frameworks */,
				0DA949EF1A8C4FA400514A46 /* UIKit.framework in Frameworks */,
				0DA949EB1A8C4FA400514A46 /* Foundation.framework in Frameworks */,
			);
			runOnlyForDeploymentPostprocessing = 0;
		};
		0DA94A081A8C4FA400514A46 /* Frameworks */ = {
			isa = PBXFrameworksBuildPhase;
			buildActionMask = 2147483647;
			files = (
				0DA94A0D1A8C4FA400514A46 /* XCTest.framework in Frameworks */,
				0DA94A0F1A8C4FA400514A46 /* UIKit.framework in Frameworks */,
				0DA94A0E1A8C4FA400514A46 /* Foundation.framework in Frameworks */,
			);
			runOnlyForDeploymentPostprocessing = 0;
		};
/* End PBXFrameworksBuildPhase section */

/* Begin PBXGroup section */
		0DA949DE1A8C4FA400514A46 = {
			isa = PBXGroup;
			children = (
				0DA949F01A8C4FA400514A46 /* TestApplication */,
				0DA94A121A8C4FA400514A46 /* TestApplicationTests */,
				0DA949E91A8C4FA400514A46 /* Frameworks */,
				0DA949E81A8C4FA400514A46 /* Products */,
			);
			sourceTree = "<group>";
		};
		0DA949E81A8C4FA400514A46 /* Products */ = {
			isa = PBXGroup;
			children = (
				0DA949E71A8C4FA400514A46 /* TestApplication.app */,
				0DA94A0B1A8C4FA400514A46 /* TestApplicationTests.xctest */,
			);
			name = Products;
			sourceTree = "<group>";
		};
		0DA949E91A8C4FA400514A46 /* Frameworks */ = {
			isa = PBXGroup;
			children = (
				0DA949EA1A8C4FA400514A46 /* Foundation.framework */,
				0DA949EC1A8C4FA400514A46 /* CoreGraphics.framework */,
				0DA949EE1A8C4FA400514A46 /* UIKit.framework */,
				0DA94A0C1A8C4FA400514A46 /* XCTest.framework */,
			);
			name = Frameworks;
			sourceTree = "<group>";
		};
		0DA949F01A8C4FA400514A46 /* TestApplication */ = {
			isa = PBXGroup;
			children = (
				0DA949FF1A8C4FA400514A46 /* Main_iPad.storyboard */,
				0D1CAE8D1AADEAFC0028BA01 /* iPhone.storyboard */,
				0DA94A021A8C4FA400514A46 /* ViewController.h */,
				0DA94A031A8C4FA400514A46 /* ViewController.m */,
				0DA94A051A8C4FA400514A46 /* Images.xcassets */,
				0DA949F11A8C4FA400514A46 /* Supporting Files */,
			);
			path = TestApplication;
			sourceTree = "<group>";
		};
		0DA949F11A8C4FA400514A46 /* Supporting Files */ = {
			isa = PBXGroup;
			children = (
				0DA949F91A8C4FA400514A46 /* AppDelegate.h */,
				0DA949FA1A8C4FA400514A46 /* AppDelegate.m */,
				0DA949F21A8C4FA400514A46 /* TestApplication-Info.plist */,
				0DA949F31A8C4FA400514A46 /* InfoPlist.strings */,
				0DA949F61A8C4FA400514A46 /* main.m */,
				0DA949F81A8C4FA400514A46 /* TestApplication-Prefix.pch */,
			);
			name = "Supporting Files";
			sourceTree = "<group>";
		};
		0DA94A121A8C4FA400514A46 /* TestApplicationTests */ = {
			isa = PBXGroup;
			children = (
				0DA94A181A8C4FA400514A46 /* TestApplicationTests.m */,
				0DA94A131A8C4FA400514A46 /* Supporting Files */,
			);
			path = TestApplicationTests;
			sourceTree = "<group>";
		};
		0DA94A131A8C4FA400514A46 /* Supporting Files */ = {
			isa = PBXGroup;
			children = (
				0DA94A141A8C4FA400514A46 /* TestApplicationTests-Info.plist */,
				0DA94A151A8C4FA400514A46 /* InfoPlist.strings */,
			);
			name = "Supporting Files";
			sourceTree = "<group>";
		};
/* End PBXGroup section */

/* Begin PBXNativeTarget section */
		0DA949E61A8C4FA400514A46 /* TestApplication */ = {
			isa = PBXNativeTarget;
			buildConfigurationList = 0DA94A1C1A8C4FA400514A46 /* Build configuration list for PBXNativeTarget "TestApplication" */;
			buildPhases = (
				0DA949E31A8C4FA400514A46 /* Sources */,
				0DA949E41A8C4FA400514A46 /* Frameworks */,
				0DA949E51A8C4FA400514A46 /* Resources */,
			);
			buildRules = (
			);
			dependencies = (
			);
			name = TestApplication;
			productName = TestApplication;
			productReference = 0DA949E71A8C4FA400514A46 /* TestApplication.app */;
			productType = "com.apple.product-type.application";
		};
		0DA94A0A1A8C4FA400514A46 /* TestApplicationTests */ = {
			isa = PBXNativeTarget;
			buildConfigurationList = 0DA94A1F1A8C4FA400514A46 /* Build configuration list for PBXNativeTarget "TestApplicationTests" */;
			buildPhases = (
				0DA94A071A8C4FA400514A46 /* Sources */,
				0DA94A081A8C4FA400514A46 /* Frameworks */,
				0DA94A091A8C4FA400514A46 /* Resources */,
			);
			buildRules = (
			);
			dependencies = (
				0DA94A111A8C4FA400514A46 /* PBXTargetDependency */,
			);
			name = TestApplicationTests;
			productName = TestApplicationTests;
			productReference = 0DA94A0B1A8C4FA400514A46 /* TestApplicationTests.xctest */;
			productType = "com.apple.product-type.bundle.unit-test";
		};
/* End PBXNativeTarget section */

/* Begin PBXProject section */
		0DA949DF1A8C4FA400514A46 /* Project object */ = {
			isa = PBXProject;
			attributes = {
				LastUpgradeCheck = 0510;
				ORGANIZATIONNAME = WangWenBo;
				TargetAttributes = {
					0DA94A0A1A8C4FA400514A46 = {
						TestTargetID = 0DA949E61A8C4FA400514A46;
					};
				};
			};
			buildConfigurationList = 0DA949E21A8C4FA400514A46 /* Build configuration list for PBXProject "TestApplication" */;
			compatibilityVersion = "Xcode 3.2";
			developmentRegion = English;
			hasScannedForEncodings = 0;
			knownRegions = (
				en,
				Base,
			);
			mainGroup = 0DA949DE1A8C4FA400514A46;
			productRefGroup = 0DA949E81A8C4FA400514A46 /* Products */;
			projectDirPath = "";
			projectRoot = "";
			targets = (
				0DA949E61A8C4FA400514A46 /* TestApplication */,
				0DA94A0A1A8C4FA400514A46 /* TestApplicationTests */,
			);
		};
/* End PBXProject section */

/* Begin PBXResourcesBuildPhase section */
		0DA949E51A8C4FA400514A46 /* Resources */ = {
			isa = PBXResourcesBuildPhase;
			buildActionMask = 2147483647;
			files = (
				0DA94A011A8C4FA400514A46 /* Main_iPad.storyboard in Resources */,
				0DA94A061A8C4FA400514A46 /* Images.xcassets in Resources */,
				0DA949F51A8C4FA400514A46 /* InfoPlist.strings in Resources */,
				0D1CAE8E1AADEAFC0028BA01 /* iPhone.storyboard in Resources */,
			);
			runOnlyForDeploymentPostprocessing = 0;
		};
		0DA94A091A8C4FA400514A46 /* Resources */ = {
			isa = PBXResourcesBuildPhase;
			buildActionMask = 2147483647;
			files = (
				0DA94A171A8C4FA400514A46 /* InfoPlist.strings in Resources */,
			);
			runOnlyForDeploymentPostprocessing = 0;
		};
/* End PBXResourcesBuildPhase section */

/* Begin PBXSourcesBuildPhase section */
		0DA949E31A8C4FA400514A46 /* Sources */ = {
			isa = PBXSourcesBuildPhase;
			buildActionMask = 2147483647;
			files = (
				0DA94A041A8C4FA400514A46 /* ViewController.m in Sources */,
				0DA949FB1A8C4FA400514A46 /* AppDelegate.m in Sources */,
				0DA949F71A8C4FA400514A46 /* main.m in Sources */,
			);
			runOnlyForDeploymentPostprocessing = 0;
		};
		0DA94A071A8C4FA400514A46 /* Sources */ = {
			isa = PBXSourcesBuildPhase;
			buildActionMask = 2147483647;
			files = (
				0DA94A191A8C4FA400514A46 /* TestApplicationTests.m in Sources */,
			);
			runOnlyForDeploymentPostprocessing = 0;
		};
/* End PBXSourcesBuildPhase section */

/* Begin PBXTargetDependency section */
		0DA94A111A8C4FA400514A46 /* PBXTargetDependency */ = {
			isa = PBXTargetDependency;
			target = 0DA949E61A8C4FA400514A46 /* TestApplication */;
			targetProxy = 0DA94A101A8C4FA400514A46 /* PBXContainerItemProxy */;
		};
/* End PBXTargetDependency section */

/* Begin PBXVariantGroup section */
		0DA949F31A8C4FA400514A46 /* InfoPlist.strings */ = {
			isa = PBXVariantGroup;
			children = (
				0DA949F41A8C4FA400514A46 /* en */,
			);
			name = InfoPlist.strings;
			sourceTree = "<group>";
		};
		0DA949FF1A8C4FA400514A46 /* Main_iPad.storyboard */ = {
			isa = PBXVariantGroup;
			children = (
				0DA94A001A8C4FA400514A46 /* Base */,
			);
			name = Main_iPad.storyboard;
			sourceTree = "<group>";
		};
		0DA94A151A8C4FA400514A46 /* InfoPlist.strings */ = {
			isa = PBXVariantGroup;
			children = (
				0DA94A161A8C4FA400514A46 /* en */,
			);
			name = InfoPlist.strings;
			sourceTree = "<group>";
		};
/* End PBXVariantGroup section */

/* Begin XCBuildConfiguration section */
		0DA94A1A1A8C4FA400514A46 /* Debug */ = {
			isa = XCBuildConfiguration;
			buildSettings = {
				ALWAYS_SEARCH_USER_PATHS = NO;
				CLANG_CXX_LANGUAGE_STANDARD = "gnu++0x";
				CLANG_CXX_LIBRARY = "libc++";
				CLANG_ENABLE_MODULES = YES;
				CLANG_ENABLE_OBJC_ARC = YES;
				CLANG_WARN_BOOL_CONVERSION = YES;
				CLANG_WARN_CONSTANT_CONVERSION = YES;
				CLANG_WARN_DIRECT_OBJC_ISA_USAGE = YES_ERROR;
				CLANG_WARN_EMPTY_BODY = YES;
				CLANG_WARN_ENUM_CONVERSION = YES;
				CLANG_WARN_INT_CONVERSION = YES;
				CLANG_WARN_OBJC_ROOT_CLASS = YES_ERROR;
				CLANG_WARN__DUPLICATE_METHOD_MATCH = YES;
				"CODE_SIGN_IDENTITY[sdk=iphoneos*]" = "iPhone Developer";
				COPY_PHASE_STRIP = NO;
				GCC_C_LANGUAGE_STANDARD = gnu99;
				GCC_DYNAMIC_NO_PIC = NO;
				GCC_OPTIMIZATION_LEVEL = 0;
				GCC_PREPROCESSOR_DEFINITIONS = (
					"DEBUG=1",
					"$(inherited)",
				);
				GCC_SYMBOLS_PRIVATE_EXTERN = NO;
				GCC_WARN_64_TO_32_BIT_CONVERSION = YES;
				GCC_WARN_ABOUT_RETURN_TYPE = YES_ERROR;
				GCC_WARN_UNDECLARED_SELECTOR = YES;
				GCC_WARN_UNINITIALIZED_AUTOS = YES_AGGRESSIVE;
				GCC_WARN_UNUSED_FUNCTION = YES;
				GCC_WARN_UNUSED_VARIABLE = YES;
				IPHONEOS_DEPLOYMENT_TARGET = 7.1;
				ONLY_ACTIVE_ARCH = YES;
				SDKROOT = iphoneos;
				TARGETED_DEVICE_FAMILY = "1,2";
			};
			name = Debug;
		};
		0DA94A1B1A8C4FA400514A46 /* Release */ = {
			isa = XCBuildConfiguration;
			buildSettings = {
				ALWAYS_SEARCH_USER_PATHS = NO;
				CLANG_CXX_LANGUAGE_STANDARD = "gnu++0x";
				CLANG_CXX_LIBRARY = "libc++";
				CLANG_ENABLE_MODULES = YES;
				CLANG_ENABLE_OBJC_ARC = YES;
				CLANG_WARN_BOOL_CONVERSION = YES;
				CLANG_WARN_CONSTANT_CONVERSION = YES;
				CLANG_WARN_DIRECT_OBJC_ISA_USAGE = YES_ERROR;
				CLANG_WARN_EMPTY_BODY = YES;
				CLANG_WARN_ENUM_CONVERSION = YES;
				CLANG_WARN_INT_CONVERSION = YES;
				CLANG_WARN_OBJC_ROOT_CLASS = YES_ERROR;
				CLANG_WARN__DUPLICATE_METHOD_MATCH = YES;
				"CODE_SIGN_IDENTITY[sdk=iphoneos*]" = "iPhone Developer";
				COPY_PHASE_STRIP = YES;
				ENABLE_NS_ASSERTIONS = NO;
				GCC_C_LANGUAGE_STANDARD = gnu99;
				GCC_WARN_64_TO_32_BIT_CONVERSION = YES;
				GCC_WARN_ABOUT_RETURN_TYPE = YES_ERROR;
				GCC_WARN_UNDECLARED_SELECTOR = YES;
				GCC_WARN_UNINITIALIZED_AUTOS = YES_AGGRESSIVE;
				GCC_WARN_UNUSED_FUNCTION = YES;
				GCC_WARN_UNUSED_VARIABLE = YES;
				IPHONEOS_DEPLOYMENT_TARGET = 7.1;
				SDKROOT = iphoneos;
				TARGETED_DEVICE_FAMILY = "1,2";
				VALIDATE_PRODUCT = YES;
			};
			name = Release;
		};
		0DA94A1D1A8C4FA400514A46 /* Debug */ = {
			isa = XCBuildConfiguration;
			buildSettings = {
				ASSETCATALOG_COMPILER_APPICON_NAME = AppIcon;
				ASSETCATALOG_COMPILER_LAUNCHIMAGE_NAME = LaunchImage;
				GCC_PRECOMPILE_PREFIX_HEADER = YES;
				GCC_PREFIX_HEADER = "TestApplication/TestApplication-Prefix.pch";
				INFOPLIST_FILE = "TestApplication/TestApplication-Info.plist";
				PRODUCT_NAME = "$(TARGET_NAME)";
				TARGETED_DEVICE_FAMILY = "1,2";
				WRAPPER_EXTENSION = app;
			};
			name = Debug;
		};
		0DA94A1E1A8C4FA400514A46 /* Release */ = {
			isa = XCBuildConfiguration;
			buildSettings = {
				ASSETCATALOG_COMPILER_APPICON_NAME = AppIcon;
				ASSETCATALOG_COMPILER_LAUNCHIMAGE_NAME = LaunchImage;
				GCC_PRECOMPILE_PREFIX_HEADER = YES;
				GCC_PREFIX_HEADER = "TestApplication/TestApplication-Prefix.pch";
				INFOPLIST_FILE = "TestApplication/TestApplication-Info.plist";
				PRODUCT_NAME = "$(TARGET_NAME)";
				TARGETED_DEVICE_FAMILY = "1,2";
				WRAPPER_EXTENSION = app;
			};
			name = Release;
		};
		0DA94A201A8C4FA400514A46 /* Debug */ = {
			isa = XCBuildConfiguration;
			buildSettings = {
				BUNDLE_LOADER = "$(BUILT_PRODUCTS_DIR)/TestApplication.app/TestApplication";
				FRAMEWORK_SEARCH_PATHS = (
					"$(SDKROOT)/Developer/Library/Frameworks",
					"$(inherited)",
					"$(DEVELOPER_FRAMEWORKS_DIR)",
				);
				GCC_PRECOMPILE_PREFIX_HEADER = YES;
				GCC_PREFIX_HEADER = "TestApplication/TestApplication-Prefix.pch";
				GCC_PREPROCESSOR_DEFINITIONS = (
					"DEBUG=1",
					"$(inherited)",
				);
				INFOPLIST_FILE = "TestApplicationTests/TestApplicationTests-Info.plist";
				PRODUCT_NAME = "$(TARGET_NAME)";
				TEST_HOST = "$(BUNDLE_LOADER)";
				WRAPPER_EXTENSION = xctest;
			};
			name = Debug;
		};
		0DA94A211A8C4FA400514A46 /* Release */ = {
			isa = XCBuildConfiguration;
			buildSettings = {
				BUNDLE_LOADER = "$(BUILT_PRODUCTS_DIR)/TestApplication.app/TestApplication";
				FRAMEWORK_SEARCH_PATHS = (
					"$(SDKROOT)/Developer/Library/Frameworks",
					"$(inherited)",
					"$(DEVELOPER_FRAMEWORKS_DIR)",
				);
				GCC_PRECOMPILE_PREFIX_HEADER = YES;
				GCC_PREFIX_HEADER = "TestApplication/TestApplication-Prefix.pch";
				INFOPLIST_FILE = "TestApplicationTests/TestApplicationTests-Info.plist";
				PRODUCT_NAME = "$(TARGET_NAME)";
				TEST_HOST = "$(BUNDLE_LOADER)";
				WRAPPER_EXTENSION = xctest;
			};
			name = Release;
		};
/* End XCBuildConfiguration section */

/* Begin XCConfigurationList section */
		0DA949E21A8C4FA400514A46 /* Build configuration list for PBXProject "TestApplication" */ = {
			isa = XCConfigurationList;
			buildConfigurations = (
				0DA94A1A1A8C4FA400514A46 /* Debug */,
				0DA94A1B1A8C4FA400514A46 /* Release */,
			);
			defaultConfigurationIsVisible = 0;
			defaultConfigurationName = Release;
		};
		0DA94A1C1A8C4FA400514A46 /* Build configuration list for PBXNativeTarget "TestApplication" */ = {
			isa = XCConfigurationList;
			buildConfigurations = (
				0DA94A1D1A8C4FA400514A46 /* Debug */,
				0DA94A1E1A8C4FA400514A46 /* Release */,
			);
			defaultConfigurationIsVisible = 0;
			defaultConfigurationName = Release;
		};
		0DA94A1F1A8C4FA400514A46 /* Build configuration list for PBXNativeTarget "TestApplicationTests" */ = {
			isa = XCConfigurationList;
			buildConfigurations = (
				0DA94A201A8C4FA400514A46 /* Debug */,
				0DA94A211A8C4FA400514A46 /* Release */,
			);
			defaultConfigurationIsVisible = 0;
			defaultConfigurationName = Release;
		};
/* End XCConfigurationList section */
	};
	rootObject = 0DA949DF1A8C4FA400514A46 /* Project object */;
}
