// !$*UTF8*$!
{
	archiveVersion = 1;
	classes = {
	};
	objectVersion = 46;
	objects = {

/* Begin PBXBuildFile section */
		0DB5987A1AEF694E00BF0A2E /* Foundation.framework in Frameworks */ = {isa = PBXBuildFile; fileRef = 0DB598791AEF694E00BF0A2E /* Foundation.framework */; };
		0DB5987C1AEF694E00BF0A2E /* CoreGraphics.framework in Frameworks */ = {isa = PBXBuildFile; fileRef = 0DB5987B1AEF694E00BF0A2E /* CoreGraphics.framework */; };
		0DB5987E1AEF694E00BF0A2E /* UIKit.framework in Frameworks */ = {isa = PBXBuildFile; fileRef = 0DB5987D1AEF694E00BF0A2E /* UIKit.framework */; };
		0DB598841AEF694E00BF0A2E /* InfoPlist.strings in Resources */ = {isa = PBXBuildFile; fileRef = 0DB598821AEF694E00BF0A2E /* InfoPlist.strings */; };
		0DB598861AEF694E00BF0A2E /* main.m in Sources */ = {isa = PBXBuildFile; fileRef = 0DB598851AEF694E00BF0A2E /* main.m */; };
		0DB5988A1AEF694E00BF0A2E /* AppDelegate.m in Sources */ = {isa = PBXBuildFile; fileRef = 0DB598891AEF694E00BF0A2E /* AppDelegate.m */; };
		0DB5988D1AEF694E00BF0A2E /* Main.storyboard in Resources */ = {isa = PBXBuildFile; fileRef = 0DB5988B1AEF694E00BF0A2E /* Main.storyboard */; };
		0DB598901AEF694E00BF0A2E /* ViewController.m in Sources */ = {isa = PBXBuildFile; fileRef = 0DB5988F1AEF694E00BF0A2E /* ViewController.m */; };
		0DB598921AEF694E00BF0A2E /* Images.xcassets in Resources */ = {isa = PBXBuildFile; fileRef = 0DB598911AEF694E00BF0A2E /* Images.xcassets */; };
		0DB598991AEF694E00BF0A2E /* XCTest.framework in Frameworks */ = {isa = PBXBuildFile; fileRef = 0DB598981AEF694E00BF0A2E /* XCTest.framework */; };
		0DB5989A1AEF694E00BF0A2E /* Foundation.framework in Frameworks */ = {isa = PBXBuildFile; fileRef = 0DB598791AEF694E00BF0A2E /* Foundation.framework */; };
		0DB5989B1AEF694E00BF0A2E /* UIKit.framework in Frameworks */ = {isa = PBXBuildFile; fileRef = 0DB5987D1AEF694E00BF0A2E /* UIKit.framework */; };
		0DB598A31AEF694E00BF0A2E /* InfoPlist.strings in Resources */ = {isa = PBXBuildFile; fileRef = 0DB598A11AEF694E00BF0A2E /* InfoPlist.strings */; };
		0DB598A51AEF694E00BF0A2E /* GetFlowerTests.m in Sources */ = {isa = PBXBuildFile; fileRef = 0DB598A41AEF694E00BF0A2E /* GetFlowerTests.m */; };
/* End PBXBuildFile section */

/* Begin PBXContainerItemProxy section */
		0DB5989C1AEF694E00BF0A2E /* PBXContainerItemProxy */ = {
			isa = PBXContainerItemProxy;
			containerPortal = 0DB5986E1AEF694E00BF0A2E /* Project object */;
			proxyType = 1;
			remoteGlobalIDString = 0DB598751AEF694E00BF0A2E;
			remoteInfo = GetFlower;
		};
/* End PBXContainerItemProxy section */

/* Begin PBXFileReference section */
		0DB598761AEF694E00BF0A2E /* GetFlower.app */ = {isa = PBXFileReference; explicitFileType = wrapper.application; includeInIndex = 0; path = GetFlower.app; sourceTree = BUILT_PRODUCTS_DIR; };
		0DB598791AEF694E00BF0A2E /* Foundation.framework */ = {isa = PBXFileReference; lastKnownFileType = wrapper.framework; name = Foundation.framework; path = System/Library/Frameworks/Foundation.framework; sourceTree = SDKROOT; };
		0DB5987B1AEF694E00BF0A2E /* CoreGraphics.framework */ = {isa = PBXFileReference; lastKnownFileType = wrapper.framework; name = CoreGraphics.framework; path = System/Library/Frameworks/CoreGraphics.framework; sourceTree = SDKROOT; };
		0DB5987D1AEF694E00BF0A2E /* UIKit.framework */ = {isa = PBXFileReference; lastKnownFileType = wrapper.framework; name = UIKit.framework; path = System/Library/Frameworks/UIKit.framework; sourceTree = SDKROOT; };
		0DB598811AEF694E00BF0A2E /* GetFlower-Info.plist */ = {isa = PBXFileReference; lastKnownFileType = text.plist.xml; path = "GetFlower-Info.plist"; sourceTree = "<group>"; };
		0DB598831AEF694E00BF0A2E /* en */ = {isa = PBXFileReference; lastKnownFileType = text.plist.strings; name = en; path = en.lproj/InfoPlist.strings; sourceTree = "<group>"; };
		0DB598851AEF694E00BF0A2E /* main.m */ = {isa = PBXFileReference; lastKnownFileType = sourcecode.c.objc; path = main.m; sourceTree = "<group>"; };
		0DB598871AEF694E00BF0A2E /* GetFlower-Prefix.pch */ = {isa = PBXFileReference; lastKnownFileType = sourcecode.c.h; path = "GetFlower-Prefix.pch"; sourceTree = "<group>"; };
		0DB598881AEF694E00BF0A2E /* AppDelegate.h */ = {isa = PBXFileReference; lastKnownFileType = sourcecode.c.h; path = AppDelegate.h; sourceTree = "<group>"; };
		0DB598891AEF694E00BF0A2E /* AppDelegate.m */ = {isa = PBXFileReference; lastKnownFileType = sourcecode.c.objc; path = AppDelegate.m; sourceTree = "<group>"; };
		0DB5988C1AEF694E00BF0A2E /* Base */ = {isa = PBXFileReference; lastKnownFileType = file.storyboard; name = Base; path = Base.lproj/Main.storyboard; sourceTree = "<group>"; };
		0DB5988E1AEF694E00BF0A2E /* ViewController.h */ = {isa = PBXFileReference; lastKnownFileType = sourcecode.c.h; path = ViewController.h; sourceTree = "<group>"; };
		0DB5988F1AEF694E00BF0A2E /* ViewController.m */ = {isa = PBXFileReference; lastKnownFileType = sourcecode.c.objc; path = ViewController.m; sourceTree = "<group>"; };
		0DB598911AEF694E00BF0A2E /* Images.xcassets */ = {isa = PBXFileReference; lastKnownFileType = folder.assetcatalog; path = Images.xcassets; sourceTree = "<group>"; };
		0DB598971AEF694E00BF0A2E /* GetFlowerTests.xctest */ = {isa = PBXFileReference; explicitFileType = wrapper.cfbundle; includeInIndex = 0; path = GetFlowerTests.xctest; sourceTree = BUILT_PRODUCTS_DIR; };
		0DB598981AEF694E00BF0A2E /* XCTest.framework */ = {isa = PBXFileReference; lastKnownFileType = wrapper.framework; name = XCTest.framework; path = Library/Frameworks/XCTest.framework; sourceTree = DEVELOPER_DIR; };
		0DB598A01AEF694E00BF0A2E /* GetFlowerTests-Info.plist */ = {isa = PBXFileReference; lastKnownFileType = text.plist.xml; path = "GetFlowerTests-Info.plist"; sourceTree = "<group>"; };
		0DB598A21AEF694E00BF0A2E /* en */ = {isa = PBXFileReference; lastKnownFileType = text.plist.strings; name = en; path = en.lproj/InfoPlist.strings; sourceTree = "<group>"; };
		0DB598A41AEF694E00BF0A2E /* GetFlowerTests.m */ = {isa = PBXFileReference; lastKnownFileType = sourcecode.c.objc; path = GetFlowerTests.m; sourceTree = "<group>"; };
/* End PBXFileReference section */

/* Begin PBXFrameworksBuildPhase section */
		0DB598731AEF694E00BF0A2E /* Frameworks */ = {
			isa = PBXFrameworksBuildPhase;
			buildActionMask = 2147483647;
			files = (
				0DB5987C1AEF694E00BF0A2E /* CoreGraphics.framework in Frameworks */,
				0DB5987E1AEF694E00BF0A2E /* UIKit.framework in Frameworks */,
				0DB5987A1AEF694E00BF0A2E /* Foundation.framework in Frameworks */,
			);
			runOnlyForDeploymentPostprocessing = 0;
		};
		0DB598941AEF694E00BF0A2E /* Frameworks */ = {
			isa = PBXFrameworksBuildPhase;
			buildActionMask = 2147483647;
			files = (
				0DB598991AEF694E00BF0A2E /* XCTest.framework in Frameworks */,
				0DB5989B1AEF694E00BF0A2E /* UIKit.framework in Frameworks */,
				0DB5989A1AEF694E00BF0A2E /* Foundation.framework in Frameworks */,
			);
			runOnlyForDeploymentPostprocessing = 0;
		};
/* End PBXFrameworksBuildPhase section */

/* Begin PBXGroup section */
		0DB5986D1AEF694E00BF0A2E = {
			isa = PBXGroup;
			children = (
				0DB5987F1AEF694E00BF0A2E /* GetFlower */,
				0DB5989E1AEF694E00BF0A2E /* GetFlowerTests */,
				0DB598781AEF694E00BF0A2E /* Frameworks */,
				0DB598771AEF694E00BF0A2E /* Products */,
			);
			sourceTree = "<group>";
		};
		0DB598771AEF694E00BF0A2E /* Products */ = {
			isa = PBXGroup;
			children = (
				0DB598761AEF694E00BF0A2E /* GetFlower.app */,
				0DB598971AEF694E00BF0A2E /* GetFlowerTests.xctest */,
			);
			name = Products;
			sourceTree = "<group>";
		};
		0DB598781AEF694E00BF0A2E /* Frameworks */ = {
			isa = PBXGroup;
			children = (
				0DB598791AEF694E00BF0A2E /* Foundation.framework */,
				0DB5987B1AEF694E00BF0A2E /* CoreGraphics.framework */,
				0DB5987D1AEF694E00BF0A2E /* UIKit.framework */,
				0DB598981AEF694E00BF0A2E /* XCTest.framework */,
			);
			name = Frameworks;
			sourceTree = "<group>";
		};
		0DB5987F1AEF694E00BF0A2E /* GetFlower */ = {
			isa = PBXGroup;
			children = (
				0DB598881AEF694E00BF0A2E /* AppDelegate.h */,
				0DB598891AEF694E00BF0A2E /* AppDelegate.m */,
				0DB5988B1AEF694E00BF0A2E /* Main.storyboard */,
				0DB5988E1AEF694E00BF0A2E /* ViewController.h */,
				0DB5988F1AEF694E00BF0A2E /* ViewController.m */,
				0DB598911AEF694E00BF0A2E /* Images.xcassets */,
				0DB598801AEF694E00BF0A2E /* Supporting Files */,
			);
			path = GetFlower;
			sourceTree = "<group>";
		};
		0DB598801AEF694E00BF0A2E /* Supporting Files */ = {
			isa = PBXGroup;
			children = (
				0DB598811AEF694E00BF0A2E /* GetFlower-Info.plist */,
				0DB598821AEF694E00BF0A2E /* InfoPlist.strings */,
				0DB598851AEF694E00BF0A2E /* main.m */,
				0DB598871AEF694E00BF0A2E /* GetFlower-Prefix.pch */,
			);
			name = "Supporting Files";
			sourceTree = "<group>";
		};
		0DB5989E1AEF694E00BF0A2E /* GetFlowerTests */ = {
			isa = PBXGroup;
			children = (
				0DB598A41AEF694E00BF0A2E /* GetFlowerTests.m */,
				0DB5989F1AEF694E00BF0A2E /* Supporting Files */,
			);
			path = GetFlowerTests;
			sourceTree = "<group>";
		};
		0DB5989F1AEF694E00BF0A2E /* Supporting Files */ = {
			isa = PBXGroup;
			children = (
				0DB598A01AEF694E00BF0A2E /* GetFlowerTests-Info.plist */,
				0DB598A11AEF694E00BF0A2E /* InfoPlist.strings */,
			);
			name = "Supporting Files";
			sourceTree = "<group>";
		};
/* End PBXGroup section */

/* Begin PBXNativeTarget section */
		0DB598751AEF694E00BF0A2E /* GetFlower */ = {
			isa = PBXNativeTarget;
			buildConfigurationList = 0DB598A81AEF694E00BF0A2E /* Build configuration list for PBXNativeTarget "GetFlower" */;
			buildPhases = (
				0DB598721AEF694E00BF0A2E /* Sources */,
				0DB598731AEF694E00BF0A2E /* Frameworks */,
				0DB598741AEF694E00BF0A2E /* Resources */,
			);
			buildRules = (
			);
			dependencies = (
			);
			name = GetFlower;
			productName = GetFlower;
			productReference = 0DB598761AEF694E00BF0A2E /* GetFlower.app */;
			productType = "com.apple.product-type.application";
		};
		0DB598961AEF694E00BF0A2E /* GetFlowerTests */ = {
			isa = PBXNativeTarget;
			buildConfigurationList = 0DB598AB1AEF694E00BF0A2E /* Build configuration list for PBXNativeTarget "GetFlowerTests" */;
			buildPhases = (
				0DB598931AEF694E00BF0A2E /* Sources */,
				0DB598941AEF694E00BF0A2E /* Frameworks */,
				0DB598951AEF694E00BF0A2E /* Resources */,
			);
			buildRules = (
			);
			dependencies = (
				0DB5989D1AEF694E00BF0A2E /* PBXTargetDependency */,
			);
			name = GetFlowerTests;
			productName = GetFlowerTests;
			productReference = 0DB598971AEF694E00BF0A2E /* GetFlowerTests.xctest */;
			productType = "com.apple.product-type.bundle.unit-test";
		};
/* End PBXNativeTarget section */

/* Begin PBXProject section */
		0DB5986E1AEF694E00BF0A2E /* Project object */ = {
			isa = PBXProject;
			attributes = {
				LastUpgradeCheck = 0510;
				ORGANIZATIONNAME = WangWenBo;
				TargetAttributes = {
					0DB598961AEF694E00BF0A2E = {
						TestTargetID = 0DB598751AEF694E00BF0A2E;
					};
				};
			};
			buildConfigurationList = 0DB598711AEF694E00BF0A2E /* Build configuration list for PBXProject "GetFlower" */;
			compatibilityVersion = "Xcode 3.2";
			developmentRegion = English;
			hasScannedForEncodings = 0;
			knownRegions = (
				en,
				Base,
			);
			mainGroup = 0DB5986D1AEF694E00BF0A2E;
			productRefGroup = 0DB598771AEF694E00BF0A2E /* Products */;
			projectDirPath = "";
			projectRoot = "";
			targets = (
				0DB598751AEF694E00BF0A2E /* GetFlower */,
				0DB598961AEF694E00BF0A2E /* GetFlowerTests */,
			);
		};
/* End PBXProject section */

/* Begin PBXResourcesBuildPhase section */
		0DB598741AEF694E00BF0A2E /* Resources */ = {
			isa = PBXResourcesBuildPhase;
			buildActionMask = 2147483647;
			files = (
				0DB598921AEF694E00BF0A2E /* Images.xcassets in Resources */,
				0DB598841AEF694E00BF0A2E /* InfoPlist.strings in Resources */,
				0DB5988D1AEF694E00BF0A2E /* Main.storyboard in Resources */,
			);
			runOnlyForDeploymentPostprocessing = 0;
		};
		0DB598951AEF694E00BF0A2E /* Resources */ = {
			isa = PBXResourcesBuildPhase;
			buildActionMask = 2147483647;
			files = (
				0DB598A31AEF694E00BF0A2E /* InfoPlist.strings in Resources */,
			);
			runOnlyForDeploymentPostprocessing = 0;
		};
/* End PBXResourcesBuildPhase section */

/* Begin PBXSourcesBuildPhase section */
		0DB598721AEF694E00BF0A2E /* Sources */ = {
			isa = PBXSourcesBuildPhase;
			buildActionMask = 2147483647;
			files = (
				0DB598901AEF694E00BF0A2E /* ViewController.m in Sources */,
				0DB5988A1AEF694E00BF0A2E /* AppDelegate.m in Sources */,
				0DB598861AEF694E00BF0A2E /* main.m in Sources */,
			);
			runOnlyForDeploymentPostprocessing = 0;
		};
		0DB598931AEF694E00BF0A2E /* Sources */ = {
			isa = PBXSourcesBuildPhase;
			buildActionMask = 2147483647;
			files = (
				0DB598A51AEF694E00BF0A2E /* GetFlowerTests.m in Sources */,
			);
			runOnlyForDeploymentPostprocessing = 0;
		};
/* End PBXSourcesBuildPhase section */

/* Begin PBXTargetDependency section */
		0DB5989D1AEF694E00BF0A2E /* PBXTargetDependency */ = {
			isa = PBXTargetDependency;
			target = 0DB598751AEF694E00BF0A2E /* GetFlower */;
			targetProxy = 0DB5989C1AEF694E00BF0A2E /* PBXContainerItemProxy */;
		};
/* End PBXTargetDependency section */

/* Begin PBXVariantGroup section */
		0DB598821AEF694E00BF0A2E /* InfoPlist.strings */ = {
			isa = PBXVariantGroup;
			children = (
				0DB598831AEF694E00BF0A2E /* en */,
			);
			name = InfoPlist.strings;
			sourceTree = "<group>";
		};
		0DB5988B1AEF694E00BF0A2E /* Main.storyboard */ = {
			isa = PBXVariantGroup;
			children = (
				0DB5988C1AEF694E00BF0A2E /* Base */,
			);
			name = Main.storyboard;
			sourceTree = "<group>";
		};
		0DB598A11AEF694E00BF0A2E /* InfoPlist.strings */ = {
			isa = PBXVariantGroup;
			children = (
				0DB598A21AEF694E00BF0A2E /* en */,
			);
			name = InfoPlist.strings;
			sourceTree = "<group>";
		};
/* End PBXVariantGroup section */

/* Begin XCBuildConfiguration section */
		0DB598A61AEF694E00BF0A2E /* Debug */ = {
			isa = XCBuildConfiguration;
			buildSettings = {
				ALWAYS_SEARCH_USER_PATHS = NO;
				CLANG_CXX_LANGUAGE_STANDARD = "gnu++0x";
				CLANG_CXX_LIBRARY = "libc++";
				CLANG_ENABLE_MODULES = YES;
				CLANG_ENABLE_OBJC_ARC = YES;
				CLANG_WARN_BOOL_CONVERSION = YES;
				CLANG_WARN_CONSTANT_CONVERSION = YES;
				CLANG_WARN_DIRECT_OBJC_ISA_USAGE = YES_ERROR;
				CLANG_WARN_EMPTY_BODY = YES;
				CLANG_WARN_ENUM_CONVERSION = YES;
				CLANG_WARN_INT_CONVERSION = YES;
				CLANG_WARN_OBJC_ROOT_CLASS = YES_ERROR;
				CLANG_WARN__DUPLICATE_METHOD_MATCH = YES;
				"CODE_SIGN_IDENTITY[sdk=iphoneos*]" = "iPhone Developer";
				COPY_PHASE_STRIP = NO;
				GCC_C_LANGUAGE_STANDARD = gnu99;
				GCC_DYNAMIC_NO_PIC = NO;
				GCC_OPTIMIZATION_LEVEL = 0;
				GCC_PREPROCESSOR_DEFINITIONS = (
					"DEBUG=1",
					"$(inherited)",
				);
				GCC_SYMBOLS_PRIVATE_EXTERN = NO;
				GCC_WARN_64_TO_32_BIT_CONVERSION = YES;
				GCC_WARN_ABOUT_RETURN_TYPE = YES_ERROR;
				GCC_WARN_UNDECLARED_SELECTOR = YES;
				GCC_WARN_UNINITIALIZED_AUTOS = YES_AGGRESSIVE;
				GCC_WARN_UNUSED_FUNCTION = YES;
				GCC_WARN_UNUSED_VARIABLE = YES;
				IPHONEOS_DEPLOYMENT_TARGET = 7.1;
				ONLY_ACTIVE_ARCH = YES;
				SDKROOT = iphoneos;
			};
			name = Debug;
		};
		0DB598A71AEF694E00BF0A2E /* Release */ = {
			isa = XCBuildConfiguration;
			buildSettings = {
				ALWAYS_SEARCH_USER_PATHS = NO;
				CLANG_CXX_LANGUAGE_STANDARD = "gnu++0x";
				CLANG_CXX_LIBRARY = "libc++";
				CLANG_ENABLE_MODULES = YES;
				CLANG_ENABLE_OBJC_ARC = YES;
				CLANG_WARN_BOOL_CONVERSION = YES;
				CLANG_WARN_CONSTANT_CONVERSION = YES;
				CLANG_WARN_DIRECT_OBJC_ISA_USAGE = YES_ERROR;
				CLANG_WARN_EMPTY_BODY = YES;
				CLANG_WARN_ENUM_CONVERSION = YES;
				CLANG_WARN_INT_CONVERSION = YES;
				CLANG_WARN_OBJC_ROOT_CLASS = YES_ERROR;
				CLANG_WARN__DUPLICATE_METHOD_MATCH = YES;
				"CODE_SIGN_IDENTITY[sdk=iphoneos*]" = "iPhone Developer";
				COPY_PHASE_STRIP = YES;
				ENABLE_NS_ASSERTIONS = NO;
				GCC_C_LANGUAGE_STANDARD = gnu99;
				GCC_WARN_64_TO_32_BIT_CONVERSION = YES;
				GCC_WARN_ABOUT_RETURN_TYPE = YES_ERROR;
				GCC_WARN_UNDECLARED_SELECTOR = YES;
				GCC_WARN_UNINITIALIZED_AUTOS = YES_AGGRESSIVE;
				GCC_WARN_UNUSED_FUNCTION = YES;
				GCC_WARN_UNUSED_VARIABLE = YES;
				IPHONEOS_DEPLOYMENT_TARGET = 7.1;
				SDKROOT = iphoneos;
				VALIDATE_PRODUCT = YES;
			};
			name = Release;
		};
		0DB598A91AEF694E00BF0A2E /* Debug */ = {
			isa = XCBuildConfiguration;
			buildSettings = {
				ASSETCATALOG_COMPILER_APPICON_NAME = AppIcon;
				ASSETCATALOG_COMPILER_LAUNCHIMAGE_NAME = LaunchImage;
				GCC_PRECOMPILE_PREFIX_HEADER = YES;
				GCC_PREFIX_HEADER = "GetFlower/GetFlower-Prefix.pch";
				INFOPLIST_FILE = "GetFlower/GetFlower-Info.plist";
				PRODUCT_NAME = "$(TARGET_NAME)";
				WRAPPER_EXTENSION = app;
			};
			name = Debug;
		};
		0DB598AA1AEF694E00BF0A2E /* Release */ = {
			isa = XCBuildConfiguration;
			buildSettings = {
				ASSETCATALOG_COMPILER_APPICON_NAME = AppIcon;
				ASSETCATALOG_COMPILER_LAUNCHIMAGE_NAME = LaunchImage;
				GCC_PRECOMPILE_PREFIX_HEADER = YES;
				GCC_PREFIX_HEADER = "GetFlower/GetFlower-Prefix.pch";
				INFOPLIST_FILE = "GetFlower/GetFlower-Info.plist";
				PRODUCT_NAME = "$(TARGET_NAME)";
				WRAPPER_EXTENSION = app;
			};
			name = Release;
		};
		0DB598AC1AEF694E00BF0A2E /* Debug */ = {
			isa = XCBuildConfiguration;
			buildSettings = {
				BUNDLE_LOADER = "$(BUILT_PRODUCTS_DIR)/GetFlower.app/GetFlower";
				FRAMEWORK_SEARCH_PATHS = (
					"$(SDKROOT)/Developer/Library/Frameworks",
					"$(inherited)",
					"$(DEVELOPER_FRAMEWORKS_DIR)",
				);
				GCC_PRECOMPILE_PREFIX_HEADER = YES;
				GCC_PREFIX_HEADER = "GetFlower/GetFlower-Prefix.pch";
				GCC_PREPROCESSOR_DEFINITIONS = (
					"DEBUG=1",
					"$(inherited)",
				);
				INFOPLIST_FILE = "GetFlowerTests/GetFlowerTests-Info.plist";
				PRODUCT_NAME = "$(TARGET_NAME)";
				TEST_HOST = "$(BUNDLE_LOADER)";
				WRAPPER_EXTENSION = xctest;
			};
			name = Debug;
		};
		0DB598AD1AEF694E00BF0A2E /* Release */ = {
			isa = XCBuildConfiguration;
			buildSettings = {
				BUNDLE_LOADER = "$(BUILT_PRODUCTS_DIR)/GetFlower.app/GetFlower";
				FRAMEWORK_SEARCH_PATHS = (
					"$(SDKROOT)/Developer/Library/Frameworks",
					"$(inherited)",
					"$(DEVELOPER_FRAMEWORKS_DIR)",
				);
				GCC_PRECOMPILE_PREFIX_HEADER = YES;
				GCC_PREFIX_HEADER = "GetFlower/GetFlower-Prefix.pch";
				INFOPLIST_FILE = "GetFlowerTests/GetFlowerTests-Info.plist";
				PRODUCT_NAME = "$(TARGET_NAME)";
				TEST_HOST = "$(BUNDLE_LOADER)";
				WRAPPER_EXTENSION = xctest;
			};
			name = Release;
		};
/* End XCBuildConfiguration section */

/* Begin XCConfigurationList section */
		0DB598711AEF694E00BF0A2E /* Build configuration list for PBXProject "GetFlower" */ = {
			isa = XCConfigurationList;
			buildConfigurations = (
				0DB598A61AEF694E00BF0A2E /* Debug */,
				0DB598A71AEF694E00BF0A2E /* Release */,
			);
			defaultConfigurationIsVisible = 0;
			defaultConfigurationName = Release;
		};
		0DB598A81AEF694E00BF0A2E /* Build configuration list for PBXNativeTarget "GetFlower" */ = {
			isa = XCConfigurationList;
			buildConfigurations = (
				0DB598A91AEF694E00BF0A2E /* Debug */,
				0DB598AA1AEF694E00BF0A2E /* Release */,
			);
			defaultConfigurationIsVisible = 0;
		};
		0DB598AB1AEF694E00BF0A2E /* Build configuration list for PBXNativeTarget "GetFlowerTests" */ = {
			isa = XCConfigurationList;
			buildConfigurations = (
				0DB598AC1AEF694E00BF0A2E /* Debug */,
				0DB598AD1AEF694E00BF0A2E /* Release */,
			);
			defaultConfigurationIsVisible = 0;
		};
/* End XCConfigurationList section */
	};
	rootObject = 0DB5986E1AEF694E00BF0A2E /* Project object */;
}
