// !$*UTF8*$!
{
	archiveVersion = 1;
	classes = {
	};
	objectVersion = 46;
	objects = {

/* Begin PBXBuildFile section */
		0D58EAE71AE74026002B730E /* Foundation.framework in Frameworks */ = {isa = PBXBuildFile; fileRef = 0D58EAE61AE74026002B730E /* Foundation.framework */; };
		0D58EAE91AE74026002B730E /* CoreGraphics.framework in Frameworks */ = {isa = PBXBuildFile; fileRef = 0D58EAE81AE74026002B730E /* CoreGraphics.framework */; };
		0D58EAEB1AE74026002B730E /* UIKit.framework in Frameworks */ = {isa = PBXBuildFile; fileRef = 0D58EAEA1AE74026002B730E /* UIKit.framework */; };
		0D58EAF11AE74026002B730E /* InfoPlist.strings in Resources */ = {isa = PBXBuildFile; fileRef = 0D58EAEF1AE74026002B730E /* InfoPlist.strings */; };
		0D58EAF31AE74026002B730E /* main.m in Sources */ = {isa = PBXBuildFile; fileRef = 0D58EAF21AE74026002B730E /* main.m */; };
		0D58EAF71AE74026002B730E /* AppDelegate.m in Sources */ = {isa = PBXBuildFile; fileRef = 0D58EAF61AE74026002B730E /* AppDelegate.m */; };
		0D58EAFA1AE74027002B730E /* Main_iPhone.storyboard in Resources */ = {isa = PBXBuildFile; fileRef = 0D58EAF81AE74027002B730E /* Main_iPhone.storyboard */; };
		0D58EAFD1AE74027002B730E /* Main_iPad.storyboard in Resources */ = {isa = PBXBuildFile; fileRef = 0D58EAFB1AE74027002B730E /* Main_iPad.storyboard */; };
		0D58EB001AE74027002B730E /* ViewController.m in Sources */ = {isa = PBXBuildFile; fileRef = 0D58EAFF1AE74027002B730E /* ViewController.m */; };
		0D58EB021AE74027002B730E /* Images.xcassets in Resources */ = {isa = PBXBuildFile; fileRef = 0D58EB011AE74027002B730E /* Images.xcassets */; };
		0D58EB091AE74027002B730E /* XCTest.framework in Frameworks */ = {isa = PBXBuildFile; fileRef = 0D58EB081AE74027002B730E /* XCTest.framework */; };
		0D58EB0A1AE74027002B730E /* Foundation.framework in Frameworks */ = {isa = PBXBuildFile; fileRef = 0D58EAE61AE74026002B730E /* Foundation.framework */; };
		0D58EB0B1AE74027002B730E /* UIKit.framework in Frameworks */ = {isa = PBXBuildFile; fileRef = 0D58EAEA1AE74026002B730E /* UIKit.framework */; };
		0D58EB131AE74027002B730E /* InfoPlist.strings in Resources */ = {isa = PBXBuildFile; fileRef = 0D58EB111AE74027002B730E /* InfoPlist.strings */; };
		0D58EB151AE74027002B730E /* ScrollTests.m in Sources */ = {isa = PBXBuildFile; fileRef = 0D58EB141AE74027002B730E /* ScrollTests.m */; };
		0D58EB201AE740CE002B730E /* ImageViewController.m in Sources */ = {isa = PBXBuildFile; fileRef = 0D58EB1F1AE740CE002B730E /* ImageViewController.m */; };
/* End PBXBuildFile section */

/* Begin PBXContainerItemProxy section */
		0D58EB0C1AE74027002B730E /* PBXContainerItemProxy */ = {
			isa = PBXContainerItemProxy;
			containerPortal = 0D58EADB1AE74026002B730E /* Project object */;
			proxyType = 1;
			remoteGlobalIDString = 0D58EAE21AE74026002B730E;
			remoteInfo = Scroll;
		};
/* End PBXContainerItemProxy section */

/* Begin PBXFileReference section */
		0D58EAE31AE74026002B730E /* Scroll.app */ = {isa = PBXFileReference; explicitFileType = wrapper.application; includeInIndex = 0; path = Scroll.app; sourceTree = BUILT_PRODUCTS_DIR; };
		0D58EAE61AE74026002B730E /* Foundation.framework */ = {isa = PBXFileReference; lastKnownFileType = wrapper.framework; name = Foundation.framework; path = System/Library/Frameworks/Foundation.framework; sourceTree = SDKROOT; };
		0D58EAE81AE74026002B730E /* CoreGraphics.framework */ = {isa = PBXFileReference; lastKnownFileType = wrapper.framework; name = CoreGraphics.framework; path = System/Library/Frameworks/CoreGraphics.framework; sourceTree = SDKROOT; };
		0D58EAEA1AE74026002B730E /* UIKit.framework */ = {isa = PBXFileReference; lastKnownFileType = wrapper.framework; name = UIKit.framework; path = System/Library/Frameworks/UIKit.framework; sourceTree = SDKROOT; };
		0D58EAEE1AE74026002B730E /* Scroll-Info.plist */ = {isa = PBXFileReference; lastKnownFileType = text.plist.xml; path = "Scroll-Info.plist"; sourceTree = "<group>"; };
		0D58EAF01AE74026002B730E /* en */ = {isa = PBXFileReference; lastKnownFileType = text.plist.strings; name = en; path = en.lproj/InfoPlist.strings; sourceTree = "<group>"; };
		0D58EAF21AE74026002B730E /* main.m */ = {isa = PBXFileReference; lastKnownFileType = sourcecode.c.objc; path = main.m; sourceTree = "<group>"; };
		0D58EAF41AE74026002B730E /* Scroll-Prefix.pch */ = {isa = PBXFileReference; lastKnownFileType = sourcecode.c.h; path = "Scroll-Prefix.pch"; sourceTree = "<group>"; };
		0D58EAF51AE74026002B730E /* AppDelegate.h */ = {isa = PBXFileReference; lastKnownFileType = sourcecode.c.h; path = AppDelegate.h; sourceTree = "<group>"; };
		0D58EAF61AE74026002B730E /* AppDelegate.m */ = {isa = PBXFileReference; lastKnownFileType = sourcecode.c.objc; path = AppDelegate.m; sourceTree = "<group>"; };
		0D58EAF91AE74027002B730E /* Base */ = {isa = PBXFileReference; lastKnownFileType = file.storyboard; name = Base; path = Base.lproj/Main_iPhone.storyboard; sourceTree = "<group>"; };
		0D58EAFC1AE74027002B730E /* Base */ = {isa = PBXFileReference; lastKnownFileType = file.storyboard; name = Base; path = Base.lproj/Main_iPad.storyboard; sourceTree = "<group>"; };
		0D58EAFE1AE74027002B730E /* ViewController.h */ = {isa = PBXFileReference; lastKnownFileType = sourcecode.c.h; path = ViewController.h; sourceTree = "<group>"; };
		0D58EAFF1AE74027002B730E /* ViewController.m */ = {isa = PBXFileReference; lastKnownFileType = sourcecode.c.objc; path = ViewController.m; sourceTree = "<group>"; };
		0D58EB011AE74027002B730E /* Images.xcassets */ = {isa = PBXFileReference; lastKnownFileType = folder.assetcatalog; path = Images.xcassets; sourceTree = "<group>"; };
		0D58EB071AE74027002B730E /* ScrollTests.xctest */ = {isa = PBXFileReference; explicitFileType = wrapper.cfbundle; includeInIndex = 0; path = ScrollTests.xctest; sourceTree = BUILT_PRODUCTS_DIR; };
		0D58EB081AE74027002B730E /* XCTest.framework */ = {isa = PBXFileReference; lastKnownFileType = wrapper.framework; name = XCTest.framework; path = Library/Frameworks/XCTest.framework; sourceTree = DEVELOPER_DIR; };
		0D58EB101AE74027002B730E /* ScrollTests-Info.plist */ = {isa = PBXFileReference; lastKnownFileType = text.plist.xml; path = "ScrollTests-Info.plist"; sourceTree = "<group>"; };
		0D58EB121AE74027002B730E /* en */ = {isa = PBXFileReference; lastKnownFileType = text.plist.strings; name = en; path = en.lproj/InfoPlist.strings; sourceTree = "<group>"; };
		0D58EB141AE74027002B730E /* ScrollTests.m */ = {isa = PBXFileReference; lastKnownFileType = sourcecode.c.objc; path = ScrollTests.m; sourceTree = "<group>"; };
		0D58EB1E1AE740CE002B730E /* ImageViewController.h */ = {isa = PBXFileReference; fileEncoding = 4; lastKnownFileType = sourcecode.c.h; path = ImageViewController.h; sourceTree = "<group>"; };
		0D58EB1F1AE740CE002B730E /* ImageViewController.m */ = {isa = PBXFileReference; fileEncoding = 4; lastKnownFileType = sourcecode.c.objc; path = ImageViewController.m; sourceTree = "<group>"; };
/* End PBXFileReference section */

/* Begin PBXFrameworksBuildPhase section */
		0D58EAE01AE74026002B730E /* Frameworks */ = {
			isa = PBXFrameworksBuildPhase;
			buildActionMask = 2147483647;
			files = (
				0D58EAE91AE74026002B730E /* CoreGraphics.framework in Frameworks */,
				0D58EAEB1AE74026002B730E /* UIKit.framework in Frameworks */,
				0D58EAE71AE74026002B730E /* Foundation.framework in Frameworks */,
			);
			runOnlyForDeploymentPostprocessing = 0;
		};
		0D58EB041AE74027002B730E /* Frameworks */ = {
			isa = PBXFrameworksBuildPhase;
			buildActionMask = 2147483647;
			files = (
				0D58EB091AE74027002B730E /* XCTest.framework in Frameworks */,
				0D58EB0B1AE74027002B730E /* UIKit.framework in Frameworks */,
				0D58EB0A1AE74027002B730E /* Foundation.framework in Frameworks */,
			);
			runOnlyForDeploymentPostprocessing = 0;
		};
/* End PBXFrameworksBuildPhase section */

/* Begin PBXGroup section */
		0D58EADA1AE74026002B730E = {
			isa = PBXGroup;
			children = (
				0D58EAEC1AE74026002B730E /* Scroll */,
				0D58EB0E1AE74027002B730E /* ScrollTests */,
				0D58EAE51AE74026002B730E /* Frameworks */,
				0D58EAE41AE74026002B730E /* Products */,
			);
			sourceTree = "<group>";
		};
		0D58EAE41AE74026002B730E /* Products */ = {
			isa = PBXGroup;
			children = (
				0D58EAE31AE74026002B730E /* Scroll.app */,
				0D58EB071AE74027002B730E /* ScrollTests.xctest */,
			);
			name = Products;
			sourceTree = "<group>";
		};
		0D58EAE51AE74026002B730E /* Frameworks */ = {
			isa = PBXGroup;
			children = (
				0D58EAE61AE74026002B730E /* Foundation.framework */,
				0D58EAE81AE74026002B730E /* CoreGraphics.framework */,
				0D58EAEA1AE74026002B730E /* UIKit.framework */,
				0D58EB081AE74027002B730E /* XCTest.framework */,
			);
			name = Frameworks;
			sourceTree = "<group>";
		};
		0D58EAEC1AE74026002B730E /* Scroll */ = {
			isa = PBXGroup;
			children = (
				0D58EAF81AE74027002B730E /* Main_iPhone.storyboard */,
				0D58EB1E1AE740CE002B730E /* ImageViewController.h */,
				0D58EB1F1AE740CE002B730E /* ImageViewController.m */,
				0D58EAFB1AE74027002B730E /* Main_iPad.storyboard */,
				0D58EAFE1AE74027002B730E /* ViewController.h */,
				0D58EAFF1AE74027002B730E /* ViewController.m */,
				0D58EB011AE74027002B730E /* Images.xcassets */,
				0D58EAED1AE74026002B730E /* Supporting Files */,
			);
			path = Scroll;
			sourceTree = "<group>";
		};
		0D58EAED1AE74026002B730E /* Supporting Files */ = {
			isa = PBXGroup;
			children = (
				0D58EAF61AE74026002B730E /* AppDelegate.m */,
				0D58EAF51AE74026002B730E /* AppDelegate.h */,
				0D58EAEE1AE74026002B730E /* Scroll-Info.plist */,
				0D58EAEF1AE74026002B730E /* InfoPlist.strings */,
				0D58EAF21AE74026002B730E /* main.m */,
				0D58EAF41AE74026002B730E /* Scroll-Prefix.pch */,
			);
			name = "Supporting Files";
			sourceTree = "<group>";
		};
		0D58EB0E1AE74027002B730E /* ScrollTests */ = {
			isa = PBXGroup;
			children = (
				0D58EB141AE74027002B730E /* ScrollTests.m */,
				0D58EB0F1AE74027002B730E /* Supporting Files */,
			);
			path = ScrollTests;
			sourceTree = "<group>";
		};
		0D58EB0F1AE74027002B730E /* Supporting Files */ = {
			isa = PBXGroup;
			children = (
				0D58EB101AE74027002B730E /* ScrollTests-Info.plist */,
				0D58EB111AE74027002B730E /* InfoPlist.strings */,
			);
			name = "Supporting Files";
			sourceTree = "<group>";
		};
/* End PBXGroup section */

/* Begin PBXNativeTarget section */
		0D58EAE21AE74026002B730E /* Scroll */ = {
			isa = PBXNativeTarget;
			buildConfigurationList = 0D58EB181AE74027002B730E /* Build configuration list for PBXNativeTarget "Scroll" */;
			buildPhases = (
				0D58EADF1AE74026002B730E /* Sources */,
				0D58EAE01AE74026002B730E /* Frameworks */,
				0D58EAE11AE74026002B730E /* Resources */,
			);
			buildRules = (
			);
			dependencies = (
			);
			name = Scroll;
			productName = Scroll;
			productReference = 0D58EAE31AE74026002B730E /* Scroll.app */;
			productType = "com.apple.product-type.application";
		};
		0D58EB061AE74027002B730E /* ScrollTests */ = {
			isa = PBXNativeTarget;
			buildConfigurationList = 0D58EB1B1AE74027002B730E /* Build configuration list for PBXNativeTarget "ScrollTests" */;
			buildPhases = (
				0D58EB031AE74027002B730E /* Sources */,
				0D58EB041AE74027002B730E /* Frameworks */,
				0D58EB051AE74027002B730E /* Resources */,
			);
			buildRules = (
			);
			dependencies = (
				0D58EB0D1AE74027002B730E /* PBXTargetDependency */,
			);
			name = ScrollTests;
			productName = ScrollTests;
			productReference = 0D58EB071AE74027002B730E /* ScrollTests.xctest */;
			productType = "com.apple.product-type.bundle.unit-test";
		};
/* End PBXNativeTarget section */

/* Begin PBXProject section */
		0D58EADB1AE74026002B730E /* Project object */ = {
			isa = PBXProject;
			attributes = {
				LastUpgradeCheck = 0510;
				ORGANIZATIONNAME = WangWenBo;
				TargetAttributes = {
					0D58EB061AE74027002B730E = {
						TestTargetID = 0D58EAE21AE74026002B730E;
					};
				};
			};
			buildConfigurationList = 0D58EADE1AE74026002B730E /* Build configuration list for PBXProject "Scroll" */;
			compatibilityVersion = "Xcode 3.2";
			developmentRegion = English;
			hasScannedForEncodings = 0;
			knownRegions = (
				en,
				Base,
			);
			mainGroup = 0D58EADA1AE74026002B730E;
			productRefGroup = 0D58EAE41AE74026002B730E /* Products */;
			projectDirPath = "";
			projectRoot = "";
			targets = (
				0D58EAE21AE74026002B730E /* Scroll */,
				0D58EB061AE74027002B730E /* ScrollTests */,
			);
		};
/* End PBXProject section */

/* Begin PBXResourcesBuildPhase section */
		0D58EAE11AE74026002B730E /* Resources */ = {
			isa = PBXResourcesBuildPhase;
			buildActionMask = 2147483647;
			files = (
				0D58EAFD1AE74027002B730E /* Main_iPad.storyboard in Resources */,
				0D58EB021AE74027002B730E /* Images.xcassets in Resources */,
				0D58EAFA1AE74027002B730E /* Main_iPhone.storyboard in Resources */,
				0D58EAF11AE74026002B730E /* InfoPlist.strings in Resources */,
			);
			runOnlyForDeploymentPostprocessing = 0;
		};
		0D58EB051AE74027002B730E /* Resources */ = {
			isa = PBXResourcesBuildPhase;
			buildActionMask = 2147483647;
			files = (
				0D58EB131AE74027002B730E /* InfoPlist.strings in Resources */,
			);
			runOnlyForDeploymentPostprocessing = 0;
		};
/* End PBXResourcesBuildPhase section */

/* Begin PBXSourcesBuildPhase section */
		0D58EADF1AE74026002B730E /* Sources */ = {
			isa = PBXSourcesBuildPhase;
			buildActionMask = 2147483647;
			files = (
				0D58EB001AE74027002B730E /* ViewController.m in Sources */,
				0D58EAF71AE74026002B730E /* AppDelegate.m in Sources */,
				0D58EB201AE740CE002B730E /* ImageViewController.m in Sources */,
				0D58EAF31AE74026002B730E /* main.m in Sources */,
			);
			runOnlyForDeploymentPostprocessing = 0;
		};
		0D58EB031AE74027002B730E /* Sources */ = {
			isa = PBXSourcesBuildPhase;
			buildActionMask = 2147483647;
			files = (
				0D58EB151AE74027002B730E /* ScrollTests.m in Sources */,
			);
			runOnlyForDeploymentPostprocessing = 0;
		};
/* End PBXSourcesBuildPhase section */

/* Begin PBXTargetDependency section */
		0D58EB0D1AE74027002B730E /* PBXTargetDependency */ = {
			isa = PBXTargetDependency;
			target = 0D58EAE21AE74026002B730E /* Scroll */;
			targetProxy = 0D58EB0C1AE74027002B730E /* PBXContainerItemProxy */;
		};
/* End PBXTargetDependency section */

/* Begin PBXVariantGroup section */
		0D58EAEF1AE74026002B730E /* InfoPlist.strings */ = {
			isa = PBXVariantGroup;
			children = (
				0D58EAF01AE74026002B730E /* en */,
			);
			name = InfoPlist.strings;
			sourceTree = "<group>";
		};
		0D58EAF81AE74027002B730E /* Main_iPhone.storyboard */ = {
			isa = PBXVariantGroup;
			children = (
				0D58EAF91AE74027002B730E /* Base */,
			);
			name = Main_iPhone.storyboard;
			sourceTree = "<group>";
		};
		0D58EAFB1AE74027002B730E /* Main_iPad.storyboard */ = {
			isa = PBXVariantGroup;
			children = (
				0D58EAFC1AE74027002B730E /* Base */,
			);
			name = Main_iPad.storyboard;
			sourceTree = "<group>";
		};
		0D58EB111AE74027002B730E /* InfoPlist.strings */ = {
			isa = PBXVariantGroup;
			children = (
				0D58EB121AE74027002B730E /* en */,
			);
			name = InfoPlist.strings;
			sourceTree = "<group>";
		};
/* End PBXVariantGroup section */

/* Begin XCBuildConfiguration section */
		0D58EB161AE74027002B730E /* Debug */ = {
			isa = XCBuildConfiguration;
			buildSettings = {
				ALWAYS_SEARCH_USER_PATHS = NO;
				CLANG_CXX_LANGUAGE_STANDARD = "gnu++0x";
				CLANG_CXX_LIBRARY = "libc++";
				CLANG_ENABLE_MODULES = YES;
				CLANG_ENABLE_OBJC_ARC = YES;
				CLANG_WARN_BOOL_CONVERSION = YES;
				CLANG_WARN_CONSTANT_CONVERSION = YES;
				CLANG_WARN_DIRECT_OBJC_ISA_USAGE = YES_ERROR;
				CLANG_WARN_EMPTY_BODY = YES;
				CLANG_WARN_ENUM_CONVERSION = YES;
				CLANG_WARN_INT_CONVERSION = YES;
				CLANG_WARN_OBJC_ROOT_CLASS = YES_ERROR;
				CLANG_WARN__DUPLICATE_METHOD_MATCH = YES;
				"CODE_SIGN_IDENTITY[sdk=iphoneos*]" = "iPhone Developer";
				COPY_PHASE_STRIP = NO;
				GCC_C_LANGUAGE_STANDARD = gnu99;
				GCC_DYNAMIC_NO_PIC = NO;
				GCC_OPTIMIZATION_LEVEL = 0;
				GCC_PREPROCESSOR_DEFINITIONS = (
					"DEBUG=1",
					"$(inherited)",
				);
				GCC_SYMBOLS_PRIVATE_EXTERN = NO;
				GCC_WARN_64_TO_32_BIT_CONVERSION = YES;
				GCC_WARN_ABOUT_RETURN_TYPE = YES_ERROR;
				GCC_WARN_UNDECLARED_SELECTOR = YES;
				GCC_WARN_UNINITIALIZED_AUTOS = YES_AGGRESSIVE;
				GCC_WARN_UNUSED_FUNCTION = YES;
				GCC_WARN_UNUSED_VARIABLE = YES;
				IPHONEOS_DEPLOYMENT_TARGET = 7.1;
				ONLY_ACTIVE_ARCH = YES;
				SDKROOT = iphoneos;
				TARGETED_DEVICE_FAMILY = "1,2";
			};
			name = Debug;
		};
		0D58EB171AE74027002B730E /* Release */ = {
			isa = XCBuildConfiguration;
			buildSettings = {
				ALWAYS_SEARCH_USER_PATHS = NO;
				CLANG_CXX_LANGUAGE_STANDARD = "gnu++0x";
				CLANG_CXX_LIBRARY = "libc++";
				CLANG_ENABLE_MODULES = YES;
				CLANG_ENABLE_OBJC_ARC = YES;
				CLANG_WARN_BOOL_CONVERSION = YES;
				CLANG_WARN_CONSTANT_CONVERSION = YES;
				CLANG_WARN_DIRECT_OBJC_ISA_USAGE = YES_ERROR;
				CLANG_WARN_EMPTY_BODY = YES;
				CLANG_WARN_ENUM_CONVERSION = YES;
				CLANG_WARN_INT_CONVERSION = YES;
				CLANG_WARN_OBJC_ROOT_CLASS = YES_ERROR;
				CLANG_WARN__DUPLICATE_METHOD_MATCH = YES;
				"CODE_SIGN_IDENTITY[sdk=iphoneos*]" = "iPhone Developer";
				COPY_PHASE_STRIP = YES;
				ENABLE_NS_ASSERTIONS = NO;
				GCC_C_LANGUAGE_STANDARD = gnu99;
				GCC_WARN_64_TO_32_BIT_CONVERSION = YES;
				GCC_WARN_ABOUT_RETURN_TYPE = YES_ERROR;
				GCC_WARN_UNDECLARED_SELECTOR = YES;
				GCC_WARN_UNINITIALIZED_AUTOS = YES_AGGRESSIVE;
				GCC_WARN_UNUSED_FUNCTION = YES;
				GCC_WARN_UNUSED_VARIABLE = YES;
				IPHONEOS_DEPLOYMENT_TARGET = 7.1;
				SDKROOT = iphoneos;
				TARGETED_DEVICE_FAMILY = "1,2";
				VALIDATE_PRODUCT = YES;
			};
			name = Release;
		};
		0D58EB191AE74027002B730E /* Debug */ = {
			isa = XCBuildConfiguration;
			buildSettings = {
				ASSETCATALOG_COMPILER_APPICON_NAME = AppIcon;
				ASSETCATALOG_COMPILER_LAUNCHIMAGE_NAME = LaunchImage;
				GCC_PRECOMPILE_PREFIX_HEADER = YES;
				GCC_PREFIX_HEADER = "Scroll/Scroll-Prefix.pch";
				INFOPLIST_FILE = "Scroll/Scroll-Info.plist";
				PRODUCT_NAME = "$(TARGET_NAME)";
				WRAPPER_EXTENSION = app;
			};
			name = Debug;
		};
		0D58EB1A1AE74027002B730E /* Release */ = {
			isa = XCBuildConfiguration;
			buildSettings = {
				ASSETCATALOG_COMPILER_APPICON_NAME = AppIcon;
				ASSETCATALOG_COMPILER_LAUNCHIMAGE_NAME = LaunchImage;
				GCC_PRECOMPILE_PREFIX_HEADER = YES;
				GCC_PREFIX_HEADER = "Scroll/Scroll-Prefix.pch";
				INFOPLIST_FILE = "Scroll/Scroll-Info.plist";
				PRODUCT_NAME = "$(TARGET_NAME)";
				WRAPPER_EXTENSION = app;
			};
			name = Release;
		};
		0D58EB1C1AE74027002B730E /* Debug */ = {
			isa = XCBuildConfiguration;
			buildSettings = {
				BUNDLE_LOADER = "$(BUILT_PRODUCTS_DIR)/Scroll.app/Scroll";
				FRAMEWORK_SEARCH_PATHS = (
					"$(SDKROOT)/Developer/Library/Frameworks",
					"$(inherited)",
					"$(DEVELOPER_FRAMEWORKS_DIR)",
				);
				GCC_PRECOMPILE_PREFIX_HEADER = YES;
				GCC_PREFIX_HEADER = "Scroll/Scroll-Prefix.pch";
				GCC_PREPROCESSOR_DEFINITIONS = (
					"DEBUG=1",
					"$(inherited)",
				);
				INFOPLIST_FILE = "ScrollTests/ScrollTests-Info.plist";
				PRODUCT_NAME = "$(TARGET_NAME)";
				TEST_HOST = "$(BUNDLE_LOADER)";
				WRAPPER_EXTENSION = xctest;
			};
			name = Debug;
		};
		0D58EB1D1AE74027002B730E /* Release */ = {
			isa = XCBuildConfiguration;
			buildSettings = {
				BUNDLE_LOADER = "$(BUILT_PRODUCTS_DIR)/Scroll.app/Scroll";
				FRAMEWORK_SEARCH_PATHS = (
					"$(SDKROOT)/Developer/Library/Frameworks",
					"$(inherited)",
					"$(DEVELOPER_FRAMEWORKS_DIR)",
				);
				GCC_PRECOMPILE_PREFIX_HEADER = YES;
				GCC_PREFIX_HEADER = "Scroll/Scroll-Prefix.pch";
				INFOPLIST_FILE = "ScrollTests/ScrollTests-Info.plist";
				PRODUCT_NAME = "$(TARGET_NAME)";
				TEST_HOST = "$(BUNDLE_LOADER)";
				WRAPPER_EXTENSION = xctest;
			};
			name = Release;
		};
/* End XCBuildConfiguration section */

/* Begin XCConfigurationList section */
		0D58EADE1AE74026002B730E /* Build configuration list for PBXProject "Scroll" */ = {
			isa = XCConfigurationList;
			buildConfigurations = (
				0D58EB161AE74027002B730E /* Debug */,
				0D58EB171AE74027002B730E /* Release */,
			);
			defaultConfigurationIsVisible = 0;
			defaultConfigurationName = Release;
		};
		0D58EB181AE74027002B730E /* Build configuration list for PBXNativeTarget "Scroll" */ = {
			isa = XCConfigurationList;
			buildConfigurations = (
				0D58EB191AE74027002B730E /* Debug */,
				0D58EB1A1AE74027002B730E /* Release */,
			);
			defaultConfigurationIsVisible = 0;
		};
		0D58EB1B1AE74027002B730E /* Build configuration list for PBXNativeTarget "ScrollTests" */ = {
			isa = XCConfigurationList;
			buildConfigurations = (
				0D58EB1C1AE74027002B730E /* Debug */,
				0D58EB1D1AE74027002B730E /* Release */,
			);
			defaultConfigurationIsVisible = 0;
		};
/* End XCConfigurationList section */
	};
	rootObject = 0D58EADB1AE74026002B730E /* Project object */;
}
